
Microsoft Visual Studio Solution File, Format Version 12.00
# Visual Studio Version 17
VisualStudioVersion = 17.11.35303.130
MinimumVisualStudioVersion = 10.0.40219.1
Project("{2150E333-8FDC-42A3-9474-1A3956D46DE8}") = "Services", "Services", "{4BB547F8-1374-4978-9B7D-7A9B7DC1AE88}"
EndProject
Project("{2150E333-8FDC-42A3-9474-1A3956D46DE8}") = "Catolog", "Catolog", "{01047121-B722-44EC-A514-148316733145}"
EndProject
Project("{9A19103F-16F7-4668-BE54-9A1E7A4F7556}") = "MultiShop.Catolog", "Services\Catolog\MultiShop.Catolog\MultiShop.Catolog.csproj", "{100A40EB-E739-4D58-B3FA-AA2E27E573FF}"
EndProject
Project("{2150E333-8FDC-42A3-9474-1A3956D46DE8}") = "Discount", "Discount", "{A2E5306B-CF2B-4D40-9E94-ABB91818D77E}"
EndProject
Project("{9A19103F-16F7-4668-BE54-9A1E7A4F7556}") = "MultiShop.Discount", "Services\Discount\MultiShop.Discount\MultiShop.Discount.csproj", "{B1E5C54C-8C88-4C20-98A1-60B602711EB3}"
EndProject
Project("{2150E333-8FDC-42A3-9474-1A3956D46DE8}") = "Order", "Order", "{4697CE42-E3C2-4093-937F-CD90B147AD8C}"
EndProject
Project("{2150E333-8FDC-42A3-9474-1A3956D46DE8}") = "Core", "Core", "{FC58FE3C-1728-48F7-8633-9DC16A771C21}"
EndProject
Project("{2150E333-8FDC-42A3-9474-1A3956D46DE8}") = "Infrastructure", "Infrastructure", "{5A340771-5720-4C71-B8E1-8D29E3E6BC39}"
EndProject
Project("{2150E333-8FDC-42A3-9474-1A3956D46DE8}") = "Presentation", "Presentation", "{35833A0F-214A-4D7B-9661-1EF6F3AD3365}"
EndProject
Project("{9A19103F-16F7-4668-BE54-9A1E7A4F7556}") = "MultiShop.Order.Domain", "Services\Order\Core\MultiShop.Order.Domain\MultiShop.Order.Domain.csproj", "{CE3ED0A8-7B54-475C-A381-B21A28043655}"
EndProject
Project("{9A19103F-16F7-4668-BE54-9A1E7A4F7556}") = "MultiShop.Order.Application", "Services\Order\Core\MultiShop.Order.Application\MultiShop.Order.Application.csproj", "{0B7ACA98-CF4B-4969-A803-205B0A681D0E}"
EndProject
Project("{2150E333-8FDC-42A3-9474-1A3956D46DE8}") = "IdentityServer", "IdentityServer", "{3F4FCC45-B793-4E69-A367-514A5E0941F1}"
EndProject
Project("{9A19103F-16F7-4668-BE54-9A1E7A4F7556}") = "MultiShop.IdentityServer", "IdentityServer\MultiShop.IdentityServer\MultiShop.IdentityServer.csproj", "{A21CF919-B82B-49AC-B838-B2DDB991846F}"
EndProject
Project("{2150E333-8FDC-42A3-9474-1A3956D46DE8}") = "Cargo", "Cargo", "{5C519BFD-1877-45DF-AA4C-47D7F78B6833}"
EndProject
Project("{9A19103F-16F7-4668-BE54-9A1E7A4F7556}") = "MultiShop.Cargo.EntityLayer", "Services\Cargo\MultiShop.Cargo.EntityLayer\MultiShop.Cargo.EntityLayer.csproj", "{44080187-7437-4C56-9BC4-76607454EC0A}"
EndProject
Project("{9A19103F-16F7-4668-BE54-9A1E7A4F7556}") = "MultiShop.Cargo.BusinessLayer", "Services\Cargo\MultiShop.Cargo.BusinessLayer\MultiShop.Cargo.BusinessLayer.csproj", "{8532D61A-8B59-4591-A23D-6DE0D1C07E17}"
EndProject
Project("{9A19103F-16F7-4668-BE54-9A1E7A4F7556}") = "MultiShop.Cargo.DataAccessLayer", "Services\Cargo\MultiShop.Cargo.DataAccessLayer\MultiShop.Cargo.DataAccessLayer.csproj", "{D2771608-D302-4F24-9988-48D90BD9B917}"
EndProject
Project("{9A19103F-16F7-4668-BE54-9A1E7A4F7556}") = "MultiShop.Cargo.DtoLayer", "Services\Cargo\MultiShop.Cargo.DtoLayer\MultiShop.Cargo.DtoLayer.csproj", "{93649515-B3F2-4EB9-B768-0AB608EF73D5}"
EndProject
Project("{9A19103F-16F7-4668-BE54-9A1E7A4F7556}") = "MultiShop.Cargo.WebApi", "Services\Cargo\MultiShop.Cargo.WebApi\MultiShop.Cargo.WebApi.csproj", "{3833223E-CE62-4D57-8D00-1D8D5039CA9A}"
EndProject
Project("{9A19103F-16F7-4668-BE54-9A1E7A4F7556}") = "MultiShop.Order.Persistence", "Services\Order\Infrastructure\MultiShop.Order.Persistence\MultiShop.Order.Persistence.csproj", "{13957F5D-129C-429A-BBCC-E42DB4AD6059}"
EndProject
Project("{9A19103F-16F7-4668-BE54-9A1E7A4F7556}") = "MultiShop.Order.WebApi", "Services\Order\Presentation\MultiShop.Order.WebApi\MultiShop.Order.WebApi.csproj", "{CED84027-4633-499E-8609-2F4F1D40C887}"
EndProject
Global
	GlobalSection(SolutionConfigurationPlatforms) = preSolution
		Debug|Any CPU = Debug|Any CPU
		Release|Any CPU = Release|Any CPU
	EndGlobalSection
	GlobalSection(ProjectConfigurationPlatforms) = postSolution
		{100A40EB-E739-4D58-B3FA-AA2E27E573FF}.Debug|Any CPU.ActiveCfg = Debug|Any CPU
		{100A40EB-E739-4D58-B3FA-AA2E27E573FF}.Debug|Any CPU.Build.0 = Debug|Any CPU
		{100A40EB-E739-4D58-B3FA-AA2E27E573FF}.Release|Any CPU.ActiveCfg = Release|Any CPU
		{100A40EB-E739-4D58-B3FA-AA2E27E573FF}.Release|Any CPU.Build.0 = Release|Any CPU
		{B1E5C54C-8C88-4C20-98A1-60B602711EB3}.Debug|Any CPU.ActiveCfg = Debug|Any CPU
		{B1E5C54C-8C88-4C20-98A1-60B602711EB3}.Debug|Any CPU.Build.0 = Debug|Any CPU
		{B1E5C54C-8C88-4C20-98A1-60B602711EB3}.Release|Any CPU.ActiveCfg = Release|Any CPU
		{B1E5C54C-8C88-4C20-98A1-60B602711EB3}.Release|Any CPU.Build.0 = Release|Any CPU
		{CE3ED0A8-7B54-475C-A381-B21A28043655}.Debug|Any CPU.ActiveCfg = Debug|Any CPU
		{CE3ED0A8-7B54-475C-A381-B21A28043655}.Debug|Any CPU.Build.0 = Debug|Any CPU
		{CE3ED0A8-7B54-475C-A381-B21A28043655}.Release|Any CPU.ActiveCfg = Release|Any CPU
		{CE3ED0A8-7B54-475C-A381-B21A28043655}.Release|Any CPU.Build.0 = Release|Any CPU
		{0B7ACA98-CF4B-4969-A803-205B0A681D0E}.Debug|Any CPU.ActiveCfg = Debug|Any CPU
		{0B7ACA98-CF4B-4969-A803-205B0A681D0E}.Debug|Any CPU.Build.0 = Debug|Any CPU
		{0B7ACA98-CF4B-4969-A803-205B0A681D0E}.Release|Any CPU.ActiveCfg = Release|Any CPU
		{0B7ACA98-CF4B-4969-A803-205B0A681D0E}.Release|Any CPU.Build.0 = Release|Any CPU
		{A21CF919-B82B-49AC-B838-B2DDB991846F}.Debug|Any CPU.ActiveCfg = Debug|Any CPU
		{A21CF919-B82B-49AC-B838-B2DDB991846F}.Debug|Any CPU.Build.0 = Debug|Any CPU
		{A21CF919-B82B-49AC-B838-B2DDB991846F}.Release|Any CPU.ActiveCfg = Release|Any CPU
		{A21CF919-B82B-49AC-B838-B2DDB991846F}.Release|Any CPU.Build.0 = Release|Any CPU
		{44080187-7437-4C56-9BC4-76607454EC0A}.Debug|Any CPU.ActiveCfg = Debug|Any CPU
		{44080187-7437-4C56-9BC4-76607454EC0A}.Debug|Any CPU.Build.0 = Debug|Any CPU
		{44080187-7437-4C56-9BC4-76607454EC0A}.Release|Any CPU.ActiveCfg = Release|Any CPU
		{44080187-7437-4C56-9BC4-76607454EC0A}.Release|Any CPU.Build.0 = Release|Any CPU
		{8532D61A-8B59-4591-A23D-6DE0D1C07E17}.Debug|Any CPU.ActiveCfg = Debug|Any CPU
		{8532D61A-8B59-4591-A23D-6DE0D1C07E17}.Debug|Any CPU.Build.0 = Debug|Any CPU
		{8532D61A-8B59-4591-A23D-6DE0D1C07E17}.Release|Any CPU.ActiveCfg = Release|Any CPU
		{8532D61A-8B59-4591-A23D-6DE0D1C07E17}.Release|Any CPU.Build.0 = Release|Any CPU
		{D2771608-D302-4F24-9988-48D90BD9B917}.Debug|Any CPU.ActiveCfg = Debug|Any CPU
		{D2771608-D302-4F24-9988-48D90BD9B917}.Debug|Any CPU.Build.0 = Debug|Any CPU
		{D2771608-D302-4F24-9988-48D90BD9B917}.Release|Any CPU.ActiveCfg = Release|Any CPU
		{D2771608-D302-4F24-9988-48D90BD9B917}.Release|Any CPU.Build.0 = Release|Any CPU
		{93649515-B3F2-4EB9-B768-0AB608EF73D5}.Debug|Any CPU.ActiveCfg = Debug|Any CPU
		{93649515-B3F2-4EB9-B768-0AB608EF73D5}.Debug|Any CPU.Build.0 = Debug|Any CPU
		{93649515-B3F2-4EB9-B768-0AB608EF73D5}.Release|Any CPU.ActiveCfg = Release|Any CPU
		{93649515-B3F2-4EB9-B768-0AB608EF73D5}.Release|Any CPU.Build.0 = Release|Any CPU
		{3833223E-CE62-4D57-8D00-1D8D5039CA9A}.Debug|Any CPU.ActiveCfg = Debug|Any CPU
		{3833223E-CE62-4D57-8D00-1D8D5039CA9A}.Debug|Any CPU.Build.0 = Debug|Any CPU
		{3833223E-CE62-4D57-8D00-1D8D5039CA9A}.Release|Any CPU.ActiveCfg = Release|Any CPU
		{3833223E-CE62-4D57-8D00-1D8D5039CA9A}.Release|Any CPU.Build.0 = Release|Any CPU
		{13957F5D-129C-429A-BBCC-E42DB4AD6059}.Debug|Any CPU.ActiveCfg = Debug|Any CPU
		{13957F5D-129C-429A-BBCC-E42DB4AD6059}.Debug|Any CPU.Build.0 = Debug|Any CPU
		{13957F5D-129C-429A-BBCC-E42DB4AD6059}.Release|Any CPU.ActiveCfg = Release|Any CPU
		{13957F5D-129C-429A-BBCC-E42DB4AD6059}.Release|Any CPU.Build.0 = Release|Any CPU
		{CED84027-4633-499E-8609-2F4F1D40C887}.Debug|Any CPU.ActiveCfg = Debug|Any CPU
		{CED84027-4633-499E-8609-2F4F1D40C887}.Debug|Any CPU.Build.0 = Debug|Any CPU
		{CED84027-4633-499E-8609-2F4F1D40C887}.Release|Any CPU.ActiveCfg = Release|Any CPU
		{CED84027-4633-499E-8609-2F4F1D40C887}.Release|Any CPU.Build.0 = Release|Any CPU
	EndGlobalSection
	GlobalSection(SolutionProperties) = preSolution
		HideSolutionNode = FALSE
	EndGlobalSection
	GlobalSection(NestedProjects) = preSolution
		{01047121-B722-44EC-A514-148316733145} = {4BB547F8-1374-4978-9B7D-7A9B7DC1AE88}
		{100A40EB-E739-4D58-B3FA-AA2E27E573FF} = {01047121-B722-44EC-A514-148316733145}
		{A2E5306B-CF2B-4D40-9E94-ABB91818D77E} = {4BB547F8-1374-4978-9B7D-7A9B7DC1AE88}
		{B1E5C54C-8C88-4C20-98A1-60B602711EB3} = {A2E5306B-CF2B-4D40-9E94-ABB91818D77E}
		{4697CE42-E3C2-4093-937F-CD90B147AD8C} = {4BB547F8-1374-4978-9B7D-7A9B7DC1AE88}
		{FC58FE3C-1728-48F7-8633-9DC16A771C21} = {4697CE42-E3C2-4093-937F-CD90B147AD8C}
		{5A340771-5720-4C71-B8E1-8D29E3E6BC39} = {4697CE42-E3C2-4093-937F-CD90B147AD8C}
		{35833A0F-214A-4D7B-9661-1EF6F3AD3365} = {4697CE42-E3C2-4093-937F-CD90B147AD8C}
		{CE3ED0A8-7B54-475C-A381-B21A28043655} = {FC58FE3C-1728-48F7-8633-9DC16A771C21}
		{0B7ACA98-CF4B-4969-A803-205B0A681D0E} = {FC58FE3C-1728-48F7-8633-9DC16A771C21}
		{A21CF919-B82B-49AC-B838-B2DDB991846F} = {3F4FCC45-B793-4E69-A367-514A5E0941F1}
		{5C519BFD-1877-45DF-AA4C-47D7F78B6833} = {4BB547F8-1374-4978-9B7D-7A9B7DC1AE88}
		{44080187-7437-4C56-9BC4-76607454EC0A} = {5C519BFD-1877-45DF-AA4C-47D7F78B6833}
		{8532D61A-8B59-4591-A23D-6DE0D1C07E17} = {5C519BFD-1877-45DF-AA4C-47D7F78B6833}
		{D2771608-D302-4F24-9988-48D90BD9B917} = {5C519BFD-1877-45DF-AA4C-47D7F78B6833}
		{93649515-B3F2-4EB9-B768-0AB608EF73D5} = {5C519BFD-1877-45DF-AA4C-47D7F78B6833}
		{3833223E-CE62-4D57-8D00-1D8D5039CA9A} = {5C519BFD-1877-45DF-AA4C-47D7F78B6833}
		{13957F5D-129C-429A-BBCC-E42DB4AD6059} = {5A340771-5720-4C71-B8E1-8D29E3E6BC39}
		{CED84027-4633-499E-8609-2F4F1D40C887} = {35833A0F-214A-4D7B-9661-1EF6F3AD3365}
	EndGlobalSection
	GlobalSection(ExtensibilityGlobals) = postSolution
		SolutionGuid = {32F606B6-8859-4BFE-9EF1-6C06F2E7DCF4}
	EndGlobalSection
EndGlobal
