
Microsoft Visual Studio Solution File, Format Version 12.00
# Visual Studio Version 17
VisualStudioVersion = 17.11.35303.130
MinimumVisualStudioVersion = 10.0.40219.1
Project("{2150E333-8FDC-42A3-9474-1A3956D46DE8}") = "Services", "Services", "{4BB547F8-1374-4978-9B7D-7A9B7DC1AE88}"
EndProject
Project("{2150E333-8FDC-42A3-9474-1A3956D46DE8}") = "Catolog", "Catolog", "{01047121-B722-44EC-A514-148316733145}"
EndProject
Project("{9A19103F-16F7-4668-BE54-9A1E7A4F7556}") = "MultiShop.Catolog", "Services\Catolog\MultiShop.Catolog\MultiShop.Catolog.csproj", "{100A40EB-E739-4D58-B3FA-AA2E27E573FF}"
EndProject
Project("{2150E333-8FDC-42A3-9474-1A3956D46DE8}") = "Discount", "Discount", "{A2E5306B-CF2B-4D40-9E94-ABB91818D77E}"
EndProject
Project("{9A19103F-16F7-4668-BE54-9A1E7A4F7556}") = "MultiShop.Discount", "Services\Discount\MultiShop.Discount\MultiShop.Discount.csproj", "{B1E5C54C-8C88-4C20-98A1-60B602711EB3}"
EndProject
Project("{2150E333-8FDC-42A3-9474-1A3956D46DE8}") = "Order", "Order", "{4697CE42-E3C2-4093-937F-CD90B147AD8C}"
EndProject
Project("{2150E333-8FDC-42A3-9474-1A3956D46DE8}") = "Core", "Core", "{FC58FE3C-1728-48F7-8633-9DC16A771C21}"
EndProject
Project("{2150E333-8FDC-42A3-9474-1A3956D46DE8}") = "Infrastructure", "Infrastructure", "{5A340771-5720-4C71-B8E1-8D29E3E6BC39}"
EndProject
Project("{2150E333-8FDC-42A3-9474-1A3956D46DE8}") = "Presentation", "Presentation", "{35833A0F-214A-4D7B-9661-1EF6F3AD3365}"
EndProject
Project("{9A19103F-16F7-4668-BE54-9A1E7A4F7556}") = "MultiShop.Order.Domain", "Services\Order\Core\MultiShop.Order.Domain\MultiShop.Order.Domain.csproj", "{CE3ED0A8-7B54-475C-A381-B21A28043655}"
EndProject
Project("{9A19103F-16F7-4668-BE54-9A1E7A4F7556}") = "MultiShop.Order.Application", "Services\Order\Core\MultiShop.Order.Application\MultiShop.Order.Application.csproj", "{0B7ACA98-CF4B-4969-A803-205B0A681D0E}"
EndProject
Project("{9A19103F-16F7-4668-BE54-9A1E7A4F7556}") = "MultiShop.Order.Persistence", "Service\Order\Infrastructure\MultiShop.Order.Persistence\MultiShop.Order.Persistence.csproj", "{D3481336-8743-4A34-817C-4EC39D7166FA}"
EndProject
Project("{9A19103F-16F7-4668-BE54-9A1E7A4F7556}") = "MultiShop.Order.WebApi", "Service\Order\Presentation\MultiShop.Order.WebApi\MultiShop.Order.WebApi.csproj", "{A8A3902B-0DAF-4792-8A6B-0033F2832465}"
EndProject
Project("{2150E333-8FDC-42A3-9474-1A3956D46DE8}") = "IdentityServer", "IdentityServer", "{3F4FCC45-B793-4E69-A367-514A5E0941F1}"
EndProject
Project("{9A19103F-16F7-4668-BE54-9A1E7A4F7556}") = "MultiShop.IdentityServer", "IdentityServer\MultiShop.IdentityServer\MultiShop.IdentityServer.csproj", "{A21CF919-B82B-49AC-B838-B2DDB991846F}"
EndProject
Global
	GlobalSection(SolutionConfigurationPlatforms) = preSolution
		Debug|Any CPU = Debug|Any CPU
		Release|Any CPU = Release|Any CPU
	EndGlobalSection
	GlobalSection(ProjectConfigurationPlatforms) = postSolution
		{100A40EB-E739-4D58-B3FA-AA2E27E573FF}.Debug|Any CPU.ActiveCfg = Debug|Any CPU
		{100A40EB-E739-4D58-B3FA-AA2E27E573FF}.Debug|Any CPU.Build.0 = Debug|Any CPU
		{100A40EB-E739-4D58-B3FA-AA2E27E573FF}.Release|Any CPU.ActiveCfg = Release|Any CPU
		{100A40EB-E739-4D58-B3FA-AA2E27E573FF}.Release|Any CPU.Build.0 = Release|Any CPU
		{B1E5C54C-8C88-4C20-98A1-60B602711EB3}.Debug|Any CPU.ActiveCfg = Debug|Any CPU
		{B1E5C54C-8C88-4C20-98A1-60B602711EB3}.Debug|Any CPU.Build.0 = Debug|Any CPU
		{B1E5C54C-8C88-4C20-98A1-60B602711EB3}.Release|Any CPU.ActiveCfg = Release|Any CPU
		{B1E5C54C-8C88-4C20-98A1-60B602711EB3}.Release|Any CPU.Build.0 = Release|Any CPU
		{CE3ED0A8-7B54-475C-A381-B21A28043655}.Debug|Any CPU.ActiveCfg = Debug|Any CPU
		{CE3ED0A8-7B54-475C-A381-B21A28043655}.Debug|Any CPU.Build.0 = Debug|Any CPU
		{CE3ED0A8-7B54-475C-A381-B21A28043655}.Release|Any CPU.ActiveCfg = Release|Any CPU
		{CE3ED0A8-7B54-475C-A381-B21A28043655}.Release|Any CPU.Build.0 = Release|Any CPU
		{0B7ACA98-CF4B-4969-A803-205B0A681D0E}.Debug|Any CPU.ActiveCfg = Debug|Any CPU
		{0B7ACA98-CF4B-4969-A803-205B0A681D0E}.Debug|Any CPU.Build.0 = Debug|Any CPU
		{0B7ACA98-CF4B-4969-A803-205B0A681D0E}.Release|Any CPU.ActiveCfg = Release|Any CPU
		{0B7ACA98-CF4B-4969-A803-205B0A681D0E}.Release|Any CPU.Build.0 = Release|Any CPU
		{D3481336-8743-4A34-817C-4EC39D7166FA}.Debug|Any CPU.ActiveCfg = Debug|Any CPU
		{D3481336-8743-4A34-817C-4EC39D7166FA}.Debug|Any CPU.Build.0 = Debug|Any CPU
		{D3481336-8743-4A34-817C-4EC39D7166FA}.Release|Any CPU.ActiveCfg = Release|Any CPU
		{D3481336-8743-4A34-817C-4EC39D7166FA}.Release|Any CPU.Build.0 = Release|Any CPU
		{A8A3902B-0DAF-4792-8A6B-0033F2832465}.Debug|Any CPU.ActiveCfg = Debug|Any CPU
		{A8A3902B-0DAF-4792-8A6B-0033F2832465}.Debug|Any CPU.Build.0 = Debug|Any CPU
		{A8A3902B-0DAF-4792-8A6B-0033F2832465}.Release|Any CPU.ActiveCfg = Release|Any CPU
		{A8A3902B-0DAF-4792-8A6B-0033F2832465}.Release|Any CPU.Build.0 = Release|Any CPU
		{A21CF919-B82B-49AC-B838-B2DDB991846F}.Debug|Any CPU.ActiveCfg = Debug|Any CPU
		{A21CF919-B82B-49AC-B838-B2DDB991846F}.Debug|Any CPU.Build.0 = Debug|Any CPU
		{A21CF919-B82B-49AC-B838-B2DDB991846F}.Release|Any CPU.ActiveCfg = Release|Any CPU
		{A21CF919-B82B-49AC-B838-B2DDB991846F}.Release|Any CPU.Build.0 = Release|Any CPU
	EndGlobalSection
	GlobalSection(SolutionProperties) = preSolution
		HideSolutionNode = FALSE
	EndGlobalSection
	GlobalSection(NestedProjects) = preSolution
		{01047121-B722-44EC-A514-148316733145} = {4BB547F8-1374-4978-9B7D-7A9B7DC1AE88}
		{100A40EB-E739-4D58-B3FA-AA2E27E573FF} = {01047121-B722-44EC-A514-148316733145}
		{A2E5306B-CF2B-4D40-9E94-ABB91818D77E} = {4BB547F8-1374-4978-9B7D-7A9B7DC1AE88}
		{B1E5C54C-8C88-4C20-98A1-60B602711EB3} = {A2E5306B-CF2B-4D40-9E94-ABB91818D77E}
		{4697CE42-E3C2-4093-937F-CD90B147AD8C} = {4BB547F8-1374-4978-9B7D-7A9B7DC1AE88}
		{FC58FE3C-1728-48F7-8633-9DC16A771C21} = {4697CE42-E3C2-4093-937F-CD90B147AD8C}
		{5A340771-5720-4C71-B8E1-8D29E3E6BC39} = {4697CE42-E3C2-4093-937F-CD90B147AD8C}
		{35833A0F-214A-4D7B-9661-1EF6F3AD3365} = {4697CE42-E3C2-4093-937F-CD90B147AD8C}
		{CE3ED0A8-7B54-475C-A381-B21A28043655} = {FC58FE3C-1728-48F7-8633-9DC16A771C21}
		{0B7ACA98-CF4B-4969-A803-205B0A681D0E} = {FC58FE3C-1728-48F7-8633-9DC16A771C21}
		{D3481336-8743-4A34-817C-4EC39D7166FA} = {5A340771-5720-4C71-B8E1-8D29E3E6BC39}
		{A8A3902B-0DAF-4792-8A6B-0033F2832465} = {35833A0F-214A-4D7B-9661-1EF6F3AD3365}
		{A21CF919-B82B-49AC-B838-B2DDB991846F} = {3F4FCC45-B793-4E69-A367-514A5E0941F1}
	EndGlobalSection
	GlobalSection(ExtensibilityGlobals) = postSolution
		SolutionGuid = {32F606B6-8859-4BFE-9EF1-6C06F2E7DCF4}
	EndGlobalSection
EndGlobal
